
Microsoft Visual Studio Solution File, Format Version 12.00
# Visual Studio Version 17
VisualStudioVersion = 17.6.33723.286
MinimumVisualStudioVersion = 10.0.40219.1
Project("{FAE04EC0-301F-11D3-BF4B-00C04F79EFBC}") = "PracticeAngular", "PracticeAngular\PracticeAngular.csproj", "{2630FDA4-B14A-457F-BD0B-313339FF0020}"
EndProject
Global
	GlobalSection(SolutionConfigurationPlatforms) = preSolution
		Debug|Any CPU = Debug|Any CPU
		Release|Any CPU = Release|Any CPU
	EndGlobalSection
	GlobalSection(ProjectConfigurationPlatforms) = postSolution
		{2630FDA4-B14A-457F-BD0B-313339FF0020}.Debug|Any CPU.ActiveCfg = Debug|Any CPU
		{2630FDA4-B14A-457F-BD0B-313339FF0020}.Debug|Any CPU.Build.0 = Debug|Any CPU
		{2630FDA4-B14A-457F-BD0B-313339FF0020}.Release|Any CPU.ActiveCfg = Release|Any CPU
		{2630FDA4-B14A-457F-BD0B-313339FF0020}.Release|Any CPU.Build.0 = Release|Any CPU
	EndGlobalSection
	GlobalSection(SolutionProperties) = preSolution
		HideSolutionNode = FALSE
	EndGlobalSection
	GlobalSection(ExtensibilityGlobals) = postSolution
		SolutionGuid = {7BBE8811-A59C-462A-ABF9-F02F7A75E27A}
	EndGlobalSection
EndGlobal
